
Microsoft Visual Studio Solution File, Format Version 12.00
# Visual Studio Version 17
VisualStudioVersion = 17.14.36511.14
MinimumVisualStudioVersion = 10.0.40219.1
Project("{FAE04EC0-301F-11D3-BF4B-00C04F79EFBC}") = "Bai01_QuanLyChuyenXe", "Module_03\Bai01_QuanLyChuyenXe\Bai01_QuanLyChuyenXe.csproj", "{E9FBD9C0-39C4-58C0-5107-5B9FED9D2C27}"
EndProject
Project("{FAE04EC0-301F-11D3-BF4B-00C04F79EFBC}") = "Bai02_QuanLyThuVien", "Module_03\Bai02_QuanLyThuVien\Bai02_QuanLyThuVien.csproj", "{FD791A81-2FC5-4E8F-B7E7-73ADBF6CC07B}"
EndProject
Project("{FAE04EC0-301F-11D3-BF4B-00C04F79EFBC}") = "Bai03_QuanLyGiaoDich", "Module_03\Bai03_QuanLyGiaoDich\Bai03_QuanLyGiaoDich.csproj", "{AEC69313-3DF9-2672-5CDD-EE6991FFC094}"
EndProject
Project("{FAE04EC0-301F-11D3-BF4B-00C04F79EFBC}") = "Bai04_TaoMenuCase", "Module_03\Bai04_TaoMenuCase\Bai04_TaoMenuCase.csproj", "{820F9233-8579-40D3-8AD3-EFF6B5BCA7DA}"
EndProject
Global
	GlobalSection(SolutionConfigurationPlatforms) = preSolution
		Debug|Any CPU = Debug|Any CPU
		Release|Any CPU = Release|Any CPU
	EndGlobalSection
	GlobalSection(ProjectConfigurationPlatforms) = postSolution
		{E9FBD9C0-39C4-58C0-5107-5B9FED9D2C27}.Debug|Any CPU.ActiveCfg = Debug|Any CPU
		{E9FBD9C0-39C4-58C0-5107-5B9FED9D2C27}.Debug|Any CPU.Build.0 = Debug|Any CPU
		{E9FBD9C0-39C4-58C0-5107-5B9FED9D2C27}.Release|Any CPU.ActiveCfg = Release|Any CPU
		{E9FBD9C0-39C4-58C0-5107-5B9FED9D2C27}.Release|Any CPU.Build.0 = Release|Any CPU
		{FD791A81-2FC5-4E8F-B7E7-73ADBF6CC07B}.Debug|Any CPU.ActiveCfg = Debug|Any CPU
		{FD791A81-2FC5-4E8F-B7E7-73ADBF6CC07B}.Debug|Any CPU.Build.0 = Debug|Any CPU
		{FD791A81-2FC5-4E8F-B7E7-73ADBF6CC07B}.Release|Any CPU.ActiveCfg = Release|Any CPU
		{FD791A81-2FC5-4E8F-B7E7-73ADBF6CC07B}.Release|Any CPU.Build.0 = Release|Any CPU
		{AEC69313-3DF9-2672-5CDD-EE6991FFC094}.Debug|Any CPU.ActiveCfg = Debug|Any CPU
		{AEC69313-3DF9-2672-5CDD-EE6991FFC094}.Debug|Any CPU.Build.0 = Debug|Any CPU
		{AEC69313-3DF9-2672-5CDD-EE6991FFC094}.Release|Any CPU.ActiveCfg = Release|Any CPU
		{AEC69313-3DF9-2672-5CDD-EE6991FFC094}.Release|Any CPU.Build.0 = Release|Any CPU
		{820F9233-8579-40D3-8AD3-EFF6B5BCA7DA}.Debug|Any CPU.ActiveCfg = Debug|Any CPU
		{820F9233-8579-40D3-8AD3-EFF6B5BCA7DA}.Debug|Any CPU.Build.0 = Debug|Any CPU
		{820F9233-8579-40D3-8AD3-EFF6B5BCA7DA}.Release|Any CPU.ActiveCfg = Release|Any CPU
		{820F9233-8579-40D3-8AD3-EFF6B5BCA7DA}.Release|Any CPU.Build.0 = Release|Any CPU
	EndGlobalSection
	GlobalSection(SolutionProperties) = preSolution
		HideSolutionNode = FALSE
	EndGlobalSection
	GlobalSection(ExtensibilityGlobals) = postSolution
		SolutionGuid = {8C84E4FE-1FF7-4F68-A4D1-25240BC4B292}
	EndGlobalSection
EndGlobal
